
Microsoft Visual Studio Solution File, Format Version 12.00
# Visual Studio 2013
Project("{FAE04EC0-301F-11D3-BF4B-00C04F79EFBC}") = "AppLauncher_4000", "AppLauncher_4000\AppLauncher_4000.csproj", "{1a3af4e6-b141-48bd-a3b9-3bc5a4793962}"
EndProject
Global
	GlobalSection(SolutionConfigurationPlatforms) = preSolution
		Debug|Any CPU = Debug|Any CPU
		Release|Any CPU = Release|Any CPU
	EndGlobalSection
	GlobalSection(ProjectConfigurationPlatforms) = postSolution
		{1A3AF4E6-B141-48BD-A3B9-3BC5A4793962}.Debug|Any CPU.ActiveCfg = Debug|Any CPU
		{1A3AF4E6-B141-48BD-A3B9-3BC5A4793962}.Debug|Any CPU.Build.0 = Debug|Any CPU
		{1A3AF4E6-B141-48BD-A3B9-3BC5A4793962}.Release|Any CPU.ActiveCfg = Release|Any CPU
		{1A3AF4E6-B141-48BD-A3B9-3BC5A4793962}.Release|Any CPU.Build.0 = Release|Any CPU
	EndGlobalSection
EndGlobal
